
Microsoft Visual Studio Solution File, Format Version 12.00
# Visual Studio Version 17
VisualStudioVersion = 17.6.33815.320
MinimumVisualStudioVersion = 10.0.40219.1
Project("{FAE04EC0-301F-11D3-BF4B-00C04F79EFBC}") = "ConsoleApp1", "ConsoleApp1\ConsoleApp1.csproj", "{E44B699B-0DCA-4E1E-94DF-1F82527588BF}"
EndProject
Global
	GlobalSection(SolutionConfigurationPlatforms) = preSolution
		Debug|Any CPU = Debug|Any CPU
		Release|Any CPU = Release|Any CPU
	EndGlobalSection
	GlobalSection(ProjectConfigurationPlatforms) = postSolution
		{E44B699B-0DCA-4E1E-94DF-1F82527588BF}.Debug|Any CPU.ActiveCfg = Debug|Any CPU
		{E44B699B-0DCA-4E1E-94DF-1F82527588BF}.Debug|Any CPU.Build.0 = Debug|Any CPU
		{E44B699B-0DCA-4E1E-94DF-1F82527588BF}.Release|Any CPU.ActiveCfg = Release|Any CPU
		{E44B699B-0DCA-4E1E-94DF-1F82527588BF}.Release|Any CPU.Build.0 = Release|Any CPU
	EndGlobalSection
	GlobalSection(SolutionProperties) = preSolution
		HideSolutionNode = FALSE
	EndGlobalSection
	GlobalSection(ExtensibilityGlobals) = postSolution
		SolutionGuid = {1E07C023-5BC9-4C98-A0DC-E8A32A6F1225}
	EndGlobalSection
EndGlobal
